NeoBundleLock LanguageTool e4f234b8a06e2d855e3ddcee1e9d81d203830c63
NeoBundleLock ctrlp.vim f2effdc86abf172d6562ec589fa1aa2c8f136a08
NeoBundleLock jellybeans.vim f931895c20681684278aef2ffd810730b9c36ec3
NeoBundleLock julia-vim df7d0543a32c2008463104ca66797cb3edfc6440
NeoBundleLock neobundle.vim fd15e35a7a7c4e84ae62981cfa529ae7cc382330
NeoBundleLock neosnippet-snippets c1429d17beff66813a1b166546bd0eadfc6e4eb9
NeoBundleLock neosnippet.vim d7145056c4b3b8177159a085cffbe54c18a7d248
NeoBundleLock python-mode 9c8468e83232c3e45b730d2d0b28d609053dec05
NeoBundleLock syntastic 9af644dace47bb6692dd7364eb066e50c5f710b9
NeoBundleLock vim-airline f45ecdac15d99ed2354873a8b4d40432fd0a85a3
NeoBundleLock vim-colorschemes 81c6dd7ce3169e5ad9ba92422ba6e1ce5b074e36
NeoBundleLock vim-fugitive 4cc201cbe3a0c3faa4cde1b82ba941d410e5e81c
NeoBundleLock vim-latex 0fae2e676cc4beb65ed026639f8419feddb5f4b4
NeoBundleLock vim-togglemouse 50ad10ad9811c33f543c93d976a592d67c3589d4
NeoBundleLock vimshell 3787e52766812d8b99a93ccdda57517bc2a0bab6
